
Microsoft Visual Studio Solution File, Format Version 12.00
# Visual Studio 15
VisualStudioVersion = 15.0.27428.2043
MinimumVisualStudioVersion = 10.0.40219.1
Project("{FAE04EC0-301F-11D3-BF4B-00C04F79EFBC}") = "Shapes", "Shape\Shapes.csproj", "{812D4507-CC6F-430A-9F2D-DC63BB571CE2}"
EndProject
Project("{FAE04EC0-301F-11D3-BF4B-00C04F79EFBC}") = "Range", "Range\Range.csproj", "{300D9F6F-C394-4F38-B752-F318A03448DD}"
EndProject
Project("{FAE04EC0-301F-11D3-BF4B-00C04F79EFBC}") = "RightReadCsv", "RightReadCsv\RightReadCsv.csproj", "{3864BAFD-CCF2-4709-8FC6-E71FC3BB6C3A}"
EndProject
Project("{FAE04EC0-301F-11D3-BF4B-00C04F79EFBC}") = "ArrayListHome", "ArrayListHome\ArrayListHome.csproj", "{A933C258-6F4F-4F57-8A42-8AC399BFF682}"
EndProject
Project("{FAE04EC0-301F-11D3-BF4B-00C04F79EFBC}") = "List", "List\List.csproj", "{0904482D-F55B-4D5B-B4C2-309B9E420127}"
EndProject
Project("{FAE04EC0-301F-11D3-BF4B-00C04F79EFBC}") = "Vectors", "Vectors\Vectors.csproj", "{E5837A8D-B8E0-4114-B149-277442790B7D}"
EndProject
Project("{FAE04EC0-301F-11D3-BF4B-00C04F79EFBC}") = "Matrix", "Matrix\Matrix.csproj", "{D4E7F790-9714-4DCA-BA50-A24AA95B829D}"
EndProject
Global
	GlobalSection(SolutionConfigurationPlatforms) = preSolution
		Debug|Any CPU = Debug|Any CPU
		Release|Any CPU = Release|Any CPU
	EndGlobalSection
	GlobalSection(ProjectConfigurationPlatforms) = postSolution
		{812D4507-CC6F-430A-9F2D-DC63BB571CE2}.Debug|Any CPU.ActiveCfg = Debug|Any CPU
		{812D4507-CC6F-430A-9F2D-DC63BB571CE2}.Debug|Any CPU.Build.0 = Debug|Any CPU
		{812D4507-CC6F-430A-9F2D-DC63BB571CE2}.Release|Any CPU.ActiveCfg = Release|Any CPU
		{812D4507-CC6F-430A-9F2D-DC63BB571CE2}.Release|Any CPU.Build.0 = Release|Any CPU
		{300D9F6F-C394-4F38-B752-F318A03448DD}.Debug|Any CPU.ActiveCfg = Debug|Any CPU
		{300D9F6F-C394-4F38-B752-F318A03448DD}.Debug|Any CPU.Build.0 = Debug|Any CPU
		{300D9F6F-C394-4F38-B752-F318A03448DD}.Release|Any CPU.ActiveCfg = Release|Any CPU
		{300D9F6F-C394-4F38-B752-F318A03448DD}.Release|Any CPU.Build.0 = Release|Any CPU
		{3864BAFD-CCF2-4709-8FC6-E71FC3BB6C3A}.Debug|Any CPU.ActiveCfg = Debug|Any CPU
		{3864BAFD-CCF2-4709-8FC6-E71FC3BB6C3A}.Debug|Any CPU.Build.0 = Debug|Any CPU
		{3864BAFD-CCF2-4709-8FC6-E71FC3BB6C3A}.Release|Any CPU.ActiveCfg = Release|Any CPU
		{3864BAFD-CCF2-4709-8FC6-E71FC3BB6C3A}.Release|Any CPU.Build.0 = Release|Any CPU
		{A933C258-6F4F-4F57-8A42-8AC399BFF682}.Debug|Any CPU.ActiveCfg = Debug|Any CPU
		{A933C258-6F4F-4F57-8A42-8AC399BFF682}.Debug|Any CPU.Build.0 = Debug|Any CPU
		{A933C258-6F4F-4F57-8A42-8AC399BFF682}.Release|Any CPU.ActiveCfg = Release|Any CPU
		{A933C258-6F4F-4F57-8A42-8AC399BFF682}.Release|Any CPU.Build.0 = Release|Any CPU
		{0904482D-F55B-4D5B-B4C2-309B9E420127}.Debug|Any CPU.ActiveCfg = Debug|Any CPU
		{0904482D-F55B-4D5B-B4C2-309B9E420127}.Debug|Any CPU.Build.0 = Debug|Any CPU
		{0904482D-F55B-4D5B-B4C2-309B9E420127}.Release|Any CPU.ActiveCfg = Release|Any CPU
		{0904482D-F55B-4D5B-B4C2-309B9E420127}.Release|Any CPU.Build.0 = Release|Any CPU
		{E5837A8D-B8E0-4114-B149-277442790B7D}.Debug|Any CPU.ActiveCfg = Debug|Any CPU
		{E5837A8D-B8E0-4114-B149-277442790B7D}.Debug|Any CPU.Build.0 = Debug|Any CPU
		{E5837A8D-B8E0-4114-B149-277442790B7D}.Release|Any CPU.ActiveCfg = Release|Any CPU
		{E5837A8D-B8E0-4114-B149-277442790B7D}.Release|Any CPU.Build.0 = Release|Any CPU
		{D4E7F790-9714-4DCA-BA50-A24AA95B829D}.Debug|Any CPU.ActiveCfg = Debug|Any CPU
		{D4E7F790-9714-4DCA-BA50-A24AA95B829D}.Debug|Any CPU.Build.0 = Debug|Any CPU
		{D4E7F790-9714-4DCA-BA50-A24AA95B829D}.Release|Any CPU.ActiveCfg = Release|Any CPU
		{D4E7F790-9714-4DCA-BA50-A24AA95B829D}.Release|Any CPU.Build.0 = Release|Any CPU
	EndGlobalSection
	GlobalSection(SolutionProperties) = preSolution
		HideSolutionNode = FALSE
	EndGlobalSection
	GlobalSection(ExtensibilityGlobals) = postSolution
		SolutionGuid = {CB95EA17-688C-4461-BD65-11D161569F58}
	EndGlobalSection
EndGlobal
